
Microsoft Visual Studio Solution File, Format Version 12.00
# Visual Studio Version 16
VisualStudioVersion = 16.0.29009.5
MinimumVisualStudioVersion = 10.0.40219.1
Project("{9A19103F-16F7-4668-BE54-9A1E7A4F7556}") = "GamerSource", "GamerSource.csproj", "{F1677349-8E42-41AD-95F0-7357D2F3A2C2}"
EndProject
Project("{9A19103F-16F7-4668-BE54-9A1E7A4F7556}") = "GamerSource.Data", "..\GamerSource.Data\GamerSource.Data.csproj", "{CEE9367A-069F-41C5-97B1-D710A5B178E2}"
EndProject
Project("{9A19103F-16F7-4668-BE54-9A1E7A4F7556}") = "GamerSource.Models", "..\GamerSource.Models\GamerSource.Models.csproj", "{0A556AFB-0C80-4411-A7D9-25218A9AE461}"
EndProject
Project("{9A19103F-16F7-4668-BE54-9A1E7A4F7556}") = "GamerSource.Web.Models", "..\GamerSource.Web.Models\GamerSource.Web.Models.csproj", "{D03D9D86-2269-4DF3-AB36-98E4984F45C0}"
EndProject
Project("{9A19103F-16F7-4668-BE54-9A1E7A4F7556}") = "eSportsScraper", "..\eSportsScraper\eSportsScraper.csproj", "{83E8BC77-2CDE-4AF8-92BC-61D493FBF0A6}"
EndProject
Project("{FAE04EC0-301F-11D3-BF4B-00C04F79EFBC}") = "IronWebScraper", "..\IronWebScraper\IronWebScraper.csproj", "{7AA03189-D5FA-497F-BE50-3F2E8736E0D7}"
EndProject
Global
	GlobalSection(SolutionConfigurationPlatforms) = preSolution
		Debug|Any CPU = Debug|Any CPU
		Release|Any CPU = Release|Any CPU
	EndGlobalSection
	GlobalSection(ProjectConfigurationPlatforms) = postSolution
		{F1677349-8E42-41AD-95F0-7357D2F3A2C2}.Debug|Any CPU.ActiveCfg = Debug|Any CPU
		{F1677349-8E42-41AD-95F0-7357D2F3A2C2}.Debug|Any CPU.Build.0 = Debug|Any CPU
		{F1677349-8E42-41AD-95F0-7357D2F3A2C2}.Release|Any CPU.ActiveCfg = Release|Any CPU
		{F1677349-8E42-41AD-95F0-7357D2F3A2C2}.Release|Any CPU.Build.0 = Release|Any CPU
		{CEE9367A-069F-41C5-97B1-D710A5B178E2}.Debug|Any CPU.ActiveCfg = Debug|Any CPU
		{CEE9367A-069F-41C5-97B1-D710A5B178E2}.Debug|Any CPU.Build.0 = Debug|Any CPU
		{CEE9367A-069F-41C5-97B1-D710A5B178E2}.Release|Any CPU.ActiveCfg = Release|Any CPU
		{CEE9367A-069F-41C5-97B1-D710A5B178E2}.Release|Any CPU.Build.0 = Release|Any CPU
		{0A556AFB-0C80-4411-A7D9-25218A9AE461}.Debug|Any CPU.ActiveCfg = Debug|Any CPU
		{0A556AFB-0C80-4411-A7D9-25218A9AE461}.Debug|Any CPU.Build.0 = Debug|Any CPU
		{0A556AFB-0C80-4411-A7D9-25218A9AE461}.Release|Any CPU.ActiveCfg = Release|Any CPU
		{0A556AFB-0C80-4411-A7D9-25218A9AE461}.Release|Any CPU.Build.0 = Release|Any CPU
		{D03D9D86-2269-4DF3-AB36-98E4984F45C0}.Debug|Any CPU.ActiveCfg = Debug|Any CPU
		{D03D9D86-2269-4DF3-AB36-98E4984F45C0}.Debug|Any CPU.Build.0 = Debug|Any CPU
		{D03D9D86-2269-4DF3-AB36-98E4984F45C0}.Release|Any CPU.ActiveCfg = Release|Any CPU
		{D03D9D86-2269-4DF3-AB36-98E4984F45C0}.Release|Any CPU.Build.0 = Release|Any CPU
		{83E8BC77-2CDE-4AF8-92BC-61D493FBF0A6}.Debug|Any CPU.ActiveCfg = Debug|Any CPU
		{83E8BC77-2CDE-4AF8-92BC-61D493FBF0A6}.Debug|Any CPU.Build.0 = Debug|Any CPU
		{83E8BC77-2CDE-4AF8-92BC-61D493FBF0A6}.Release|Any CPU.ActiveCfg = Release|Any CPU
		{83E8BC77-2CDE-4AF8-92BC-61D493FBF0A6}.Release|Any CPU.Build.0 = Release|Any CPU
		{7AA03189-D5FA-497F-BE50-3F2E8736E0D7}.Debug|Any CPU.ActiveCfg = Debug|Any CPU
		{7AA03189-D5FA-497F-BE50-3F2E8736E0D7}.Debug|Any CPU.Build.0 = Debug|Any CPU
		{7AA03189-D5FA-497F-BE50-3F2E8736E0D7}.Release|Any CPU.ActiveCfg = Release|Any CPU
		{7AA03189-D5FA-497F-BE50-3F2E8736E0D7}.Release|Any CPU.Build.0 = Release|Any CPU
	EndGlobalSection
	GlobalSection(SolutionProperties) = preSolution
		HideSolutionNode = FALSE
	EndGlobalSection
	GlobalSection(ExtensibilityGlobals) = postSolution
		SolutionGuid = {79D97E83-1A2E-42C8-AE98-72FB1FAD6DE7}
	EndGlobalSection
EndGlobal
